
Microsoft Visual Studio Solution File, Format Version 12.00
# Visual Studio 15
VisualStudioVersion = 15.0.27703.2000
MinimumVisualStudioVersion = 10.0.40219.1
Project("{FAE04EC0-301F-11D3-BF4B-00C04F79EFBC}") = "Inventory.WebApi", "Inventory.WebApi\Inventory.WebApi.csproj", "{CC897F6A-4DD6-4077-ABBE-EE7B30F17AEA}"
EndProject
Global
	GlobalSection(SolutionConfigurationPlatforms) = preSolution
		Debug|Any CPU = Debug|Any CPU
		Release|Any CPU = Release|Any CPU
	EndGlobalSection
	GlobalSection(ProjectConfigurationPlatforms) = postSolution
		{CC897F6A-4DD6-4077-ABBE-EE7B30F17AEA}.Debug|Any CPU.ActiveCfg = Debug|Any CPU
		{CC897F6A-4DD6-4077-ABBE-EE7B30F17AEA}.Debug|Any CPU.Build.0 = Debug|Any CPU
		{CC897F6A-4DD6-4077-ABBE-EE7B30F17AEA}.Release|Any CPU.ActiveCfg = Release|Any CPU
		{CC897F6A-4DD6-4077-ABBE-EE7B30F17AEA}.Release|Any CPU.Build.0 = Release|Any CPU
	EndGlobalSection
	GlobalSection(SolutionProperties) = preSolution
		HideSolutionNode = FALSE
	EndGlobalSection
	GlobalSection(ExtensibilityGlobals) = postSolution
		SolutionGuid = {396B7897-DCE6-48A7-9599-7D959ADDF642}
	EndGlobalSection
EndGlobal
